
Microsoft Visual Studio Solution File, Format Version 12.00
# Visual Studio Version 16
VisualStudioVersion = 16.0.29709.97
MinimumVisualStudioVersion = 10.0.40219.1
Project("{FAE04EC0-301F-11D3-BF4B-00C04F79EFBC}") = "UCCX_API_Service", "UCCX_API_Service\UCCX_API_Service.csproj", "{A46C6E7D-0BBF-4A76-B236-08F022BD6EE8}"
EndProject
Global
	GlobalSection(SolutionConfigurationPlatforms) = preSolution
		Debug|Any CPU = Debug|Any CPU
		Release|Any CPU = Release|Any CPU
	EndGlobalSection
	GlobalSection(ProjectConfigurationPlatforms) = postSolution
		{A46C6E7D-0BBF-4A76-B236-08F022BD6EE8}.Debug|Any CPU.ActiveCfg = Debug|Any CPU
		{A46C6E7D-0BBF-4A76-B236-08F022BD6EE8}.Debug|Any CPU.Build.0 = Debug|Any CPU
		{A46C6E7D-0BBF-4A76-B236-08F022BD6EE8}.Release|Any CPU.ActiveCfg = Release|Any CPU
		{A46C6E7D-0BBF-4A76-B236-08F022BD6EE8}.Release|Any CPU.Build.0 = Release|Any CPU
	EndGlobalSection
	GlobalSection(SolutionProperties) = preSolution
		HideSolutionNode = FALSE
	EndGlobalSection
	GlobalSection(ExtensibilityGlobals) = postSolution
		SolutionGuid = {E97FBC83-ACF4-4720-B8EE-F21F1B4EE79D}
	EndGlobalSection
EndGlobal
